// !$*UTF8*$!
{
	archiveVersion = 1;
	classes = {
	};
	objectVersion = 46;
	objects = {

/* Begin PBXBuildFile section */
		0321E5821D032B6A001E1470 /* gl_l.c in Sources */ = {isa = PBXBuildFile; fileRef = 0321E5711D032B6A001E1470 /* gl_l.c */; };
		0321E5831D032B6A001E1470 /* glglue1.c in Sources */ = {isa = PBXBuildFile; fileRef = 0321E5751D032B6A001E1470 /* glglue1.c */; };
		0321E5841D032B6A001E1470 /* includes.lst in Resources */ = {isa = PBXBuildFile; fileRef = 0321E5761D032B6A001E1470 /* includes.lst */; };
		0321E5851D032B6A001E1470 /* Makefile in Sources */ = {isa = PBXBuildFile; fileRef = 0321E5771D032B6A001E1470 /* Makefile */; };
		0321E5861D032B6A001E1470 /* includes.lst in Resources */ = {isa = PBXBuildFile; fileRef = 0321E5791D032B6A001E1470 /* includes.lst */; };
		0321E5881D032B6A001E1470 /* ios_l.c in Sources */ = {isa = PBXBuildFile; fileRef = 0321E57C1D032B6A001E1470 /* ios_l.c */; };
		0321E5891D032B6A001E1470 /* iosop.m in Sources */ = {isa = PBXBuildFile; fileRef = 0321E5801D032B6A001E1470 /* iosop.m */; };
		0321E58A1D032B6A001E1470 /* Makefile in Sources */ = {isa = PBXBuildFile; fileRef = 0321E5811D032B6A001E1470 /* Makefile */; };
		0321E5941D0336B7001E1470 /* modules in Resources */ = {isa = PBXBuildFile; fileRef = 0321E5931D0336B7001E1470 /* modules */; };
		0321E5971D033D80001E1470 /* EAGLView.m in Sources */ = {isa = PBXBuildFile; fileRef = 0321E5961D033D80001E1470 /* EAGLView.m */; };
		0321E59A1D033E7C001E1470 /* GLViewController.m in Sources */ = {isa = PBXBuildFile; fileRef = 0321E5991D033E7C001E1470 /* GLViewController.m */; };
		0321E5AA1D034D01001E1470 /* ios1.c in Sources */ = {isa = PBXBuildFile; fileRef = 0321E5A81D034D01001E1470 /* ios1.c */; };
		0321E5AB1D034D01001E1470 /* iosglue.c in Sources */ = {isa = PBXBuildFile; fileRef = 0321E5A91D034D01001E1470 /* iosglue.c */; };
		0321E5AF1D03F668001E1470 /* main.c in Sources */ = {isa = PBXBuildFile; fileRef = 0321E5AC1D03F668001E1470 /* main.c */; };
		0321E5B01D03F668001E1470 /* shell.c in Sources */ = {isa = PBXBuildFile; fileRef = 0321E5AD1D03F668001E1470 /* shell.c */; };
		0321E5B61D042755001E1470 /* glutglue.c in Sources */ = {isa = PBXBuildFile; fileRef = 0321E5B51D042755001E1470 /* glutglue.c */; };
		032494B51CE638B30048AB86 /* main.m in Sources */ = {isa = PBXBuildFile; fileRef = 032494B41CE638B30048AB86 /* main.m */; };
		032494B81CE638B30048AB86 /* AppDelegate.m in Sources */ = {isa = PBXBuildFile; fileRef = 032494B71CE638B30048AB86 /* AppDelegate.m */; };
		032494BB1CE638B30048AB86 /* ViewController.m in Sources */ = {isa = PBXBuildFile; fileRef = 032494BA1CE638B30048AB86 /* ViewController.m */; };
		032494BE1CE638B30048AB86 /* Main.storyboard in Resources */ = {isa = PBXBuildFile; fileRef = 032494BC1CE638B30048AB86 /* Main.storyboard */; };
		032494C01CE638B30048AB86 /* Assets.xcassets in Resources */ = {isa = PBXBuildFile; fileRef = 032494BF1CE638B30048AB86 /* Assets.xcassets */; };
		032494C31CE638B30048AB86 /* LaunchScreen.storyboard in Resources */ = {isa = PBXBuildFile; fileRef = 032494C11CE638B30048AB86 /* LaunchScreen.storyboard */; };
		035F7C7E1D08479D008F16A5 /* gl1.c in Sources */ = {isa = PBXBuildFile; fileRef = 035F7C7C1D08479D008F16A5 /* gl1.c */; };
		035F7C7F1D08479D008F16A5 /* gl2.c in Sources */ = {isa = PBXBuildFile; fileRef = 035F7C7D1D08479D008F16A5 /* gl2.c */; };
		03664DBD1CE70F0200889E16 /* duck.png in Resources */ = {isa = PBXBuildFile; fileRef = 03664DAB1CE70F0200889E16 /* duck.png */; };
		03664DBE1CE70F0200889E16 /* duck@2x.png in Resources */ = {isa = PBXBuildFile; fileRef = 03664DAC1CE70F0200889E16 /* duck@2x.png */; };
		03664DBF1CE70F0200889E16 /* duck@3x.png in Resources */ = {isa = PBXBuildFile; fileRef = 03664DAD1CE70F0200889E16 /* duck@3x.png */; };
		03664DC01CE70F0200889E16 /* Icon24@2x.png in Resources */ = {isa = PBXBuildFile; fileRef = 03664DAE1CE70F0200889E16 /* Icon24@2x.png */; };
		03664DC11CE70F0200889E16 /* Icon27.5@2x.png in Resources */ = {isa = PBXBuildFile; fileRef = 03664DAF1CE70F0200889E16 /* Icon27.5@2x.png */; };
		03664DC21CE70F0200889E16 /* Icon29.png in Resources */ = {isa = PBXBuildFile; fileRef = 03664DB01CE70F0200889E16 /* Icon29.png */; };
		03664DC31CE70F0200889E16 /* Icon29@2x.png in Resources */ = {isa = PBXBuildFile; fileRef = 03664DB11CE70F0200889E16 /* Icon29@2x.png */; };
		03664DC41CE70F0200889E16 /* Icon29@3x.png in Resources */ = {isa = PBXBuildFile; fileRef = 03664DB21CE70F0200889E16 /* Icon29@3x.png */; };
		03664DC51CE70F0200889E16 /* Icon40.png in Resources */ = {isa = PBXBuildFile; fileRef = 03664DB31CE70F0200889E16 /* Icon40.png */; };
		03664DC61CE70F0200889E16 /* Icon40@2x.png in Resources */ = {isa = PBXBuildFile; fileRef = 03664DB41CE70F0200889E16 /* Icon40@2x.png */; };
		03664DC71CE70F0200889E16 /* Icon40@3x.png in Resources */ = {isa = PBXBuildFile; fileRef = 03664DB51CE70F0200889E16 /* Icon40@3x.png */; };
		03664DC81CE70F0200889E16 /* Icon60@2x.png in Resources */ = {isa = PBXBuildFile; fileRef = 03664DB61CE70F0200889E16 /* Icon60@2x.png */; };
		03664DC91CE70F0200889E16 /* Icon60@3x.png in Resources */ = {isa = PBXBuildFile; fileRef = 03664DB71CE70F0200889E16 /* Icon60@3x.png */; };
		03664DCA1CE70F0200889E16 /* Icon76.png in Resources */ = {isa = PBXBuildFile; fileRef = 03664DB81CE70F0200889E16 /* Icon76.png */; };
		03664DD01CE7214D00889E16 /* librs.a in Frameworks */ = {isa = PBXBuildFile; fileRef = 03664DCF1CE7214D00889E16 /* librs.a */; };
		037446E31CF9E6A100C1C7C7 /* UIBlockAlertView.m in Sources */ = {isa = PBXBuildFile; fileRef = 037446E21CF9E6A100C1C7C7 /* UIBlockAlertView.m */; };
		037446F21CF9F21E00C1C7C7 /* GJAlertAction.m in Sources */ = {isa = PBXBuildFile; fileRef = 037446ED1CF9F21E00C1C7C7 /* GJAlertAction.m */; };
		037446F31CF9F21E00C1C7C7 /* GJAlertController.m in Sources */ = {isa = PBXBuildFile; fileRef = 037446EF1CF9F21E00C1C7C7 /* GJAlertController.m */; };
		037446F41CF9F21E00C1C7C7 /* UIViewController+Alert.m in Sources */ = {isa = PBXBuildFile; fileRef = 037446F11CF9F21E00C1C7C7 /* UIViewController+Alert.m */; };
		03AB46541CE64FDB0071EEC7 /* sys.img in Resources */ = {isa = PBXBuildFile; fileRef = 03AB46531CE64FDB0071EEC7 /* sys.img */; };
		03AB46581CE6DD6D0071EEC7 /* g2.png in Resources */ = {isa = PBXBuildFile; fileRef = 03AB46571CE6DD6D0071EEC7 /* g2.png */; };
/* End PBXBuildFile section */

/* Begin PBXFileReference section */
		0321E5671D032847001E1470 /* gl.mcf */ = {isa = PBXFileReference; lastKnownFileType = text; name = gl.mcf; path = gl/gl.mcf; sourceTree = "<group>"; };
		0321E5681D032847001E1470 /* gl.scm */ = {isa = PBXFileReference; lastKnownFileType = text; name = gl.scm; path = gl/gl.scm; sourceTree = "<group>"; };
		0321E5691D032847001E1470 /* glglue.h */ = {isa = PBXFileReference; lastKnownFileType = sourcecode.c.h; name = glglue.h; path = gl/glglue.h; sourceTree = "<group>"; };
		0321E56A1D032847001E1470 /* glglue.scm */ = {isa = PBXFileReference; lastKnownFileType = text; name = glglue.scm; path = gl/glglue.scm; sourceTree = "<group>"; };
		0321E5701D032B6A001E1470 /* gl.h */ = {isa = PBXFileReference; fileEncoding = 4; lastKnownFileType = sourcecode.c.h; path = gl.h; sourceTree = "<group>"; };
		0321E5711D032B6A001E1470 /* gl_l.c */ = {isa = PBXFileReference; fileEncoding = 4; lastKnownFileType = sourcecode.c.c; path = gl_l.c; sourceTree = "<group>"; };
		0321E5721D032B6A001E1470 /* gl_p.h */ = {isa = PBXFileReference; fileEncoding = 4; lastKnownFileType = sourcecode.c.h; path = gl_p.h; sourceTree = "<group>"; };
		0321E5731D032B6A001E1470 /* gl_r.h */ = {isa = PBXFileReference; fileEncoding = 4; lastKnownFileType = sourcecode.c.h; path = gl_r.h; sourceTree = "<group>"; };
		0321E5741D032B6A001E1470 /* glglue.h */ = {isa = PBXFileReference; fileEncoding = 4; lastKnownFileType = sourcecode.c.h; path = glglue.h; sourceTree = "<group>"; };
		0321E5751D032B6A001E1470 /* glglue1.c */ = {isa = PBXFileReference; fileEncoding = 4; lastKnownFileType = sourcecode.c.c; path = glglue1.c; sourceTree = "<group>"; };
		0321E5761D032B6A001E1470 /* includes.lst */ = {isa = PBXFileReference; fileEncoding = 4; lastKnownFileType = text; path = includes.lst; sourceTree = "<group>"; };
		0321E5771D032B6A001E1470 /* Makefile */ = {isa = PBXFileReference; fileEncoding = 4; lastKnownFileType = sourcecode.make; path = Makefile; sourceTree = "<group>"; };
		0321E5791D032B6A001E1470 /* includes.lst */ = {isa = PBXFileReference; fileEncoding = 4; lastKnownFileType = text; path = includes.lst; sourceTree = "<group>"; };
		0321E57A1D032B6A001E1470 /* ios.h */ = {isa = PBXFileReference; fileEncoding = 4; lastKnownFileType = sourcecode.c.h; path = ios.h; sourceTree = "<group>"; };
		0321E57C1D032B6A001E1470 /* ios_l.c */ = {isa = PBXFileReference; fileEncoding = 4; lastKnownFileType = sourcecode.c.c; path = ios_l.c; sourceTree = "<group>"; };
		0321E57D1D032B6A001E1470 /* ios_p.h */ = {isa = PBXFileReference; fileEncoding = 4; lastKnownFileType = sourcecode.c.h; path = ios_p.h; sourceTree = "<group>"; };
		0321E57E1D032B6A001E1470 /* ios_r.h */ = {isa = PBXFileReference; fileEncoding = 4; lastKnownFileType = sourcecode.c.h; path = ios_r.h; sourceTree = "<group>"; };
		0321E57F1D032B6A001E1470 /* iosop.h */ = {isa = PBXFileReference; fileEncoding = 4; lastKnownFileType = sourcecode.c.h; path = iosop.h; sourceTree = "<group>"; };
		0321E5801D032B6A001E1470 /* iosop.m */ = {isa = PBXFileReference; fileEncoding = 4; lastKnownFileType = sourcecode.c.objc; path = iosop.m; sourceTree = "<group>"; };
		0321E5811D032B6A001E1470 /* Makefile */ = {isa = PBXFileReference; fileEncoding = 4; lastKnownFileType = sourcecode.make; path = Makefile; sourceTree = "<group>"; };
		0321E5931D0336B7001E1470 /* modules */ = {isa = PBXFileReference; lastKnownFileType = folder; path = modules; sourceTree = "<group>"; };
		0321E5951D033D80001E1470 /* EAGLView.h */ = {isa = PBXFileReference; fileEncoding = 4; lastKnownFileType = sourcecode.c.h; path = EAGLView.h; sourceTree = "<group>"; };
		0321E5961D033D80001E1470 /* EAGLView.m */ = {isa = PBXFileReference; fileEncoding = 4; lastKnownFileType = sourcecode.c.objc; path = EAGLView.m; sourceTree = "<group>"; };
		0321E5981D033E7C001E1470 /* GLViewController.h */ = {isa = PBXFileReference; fileEncoding = 4; lastKnownFileType = sourcecode.c.h; path = GLViewController.h; sourceTree = "<group>"; };
		0321E5991D033E7C001E1470 /* GLViewController.m */ = {isa = PBXFileReference; fileEncoding = 4; lastKnownFileType = sourcecode.c.objc; path = GLViewController.m; sourceTree = "<group>"; };
		0321E59E1D034086001E1470 /* build.sh */ = {isa = PBXFileReference; lastKnownFileType = text.script.sh; path = build.sh; sourceTree = "<group>"; };
		0321E59F1D034086001E1470 /* gui.h */ = {isa = PBXFileReference; lastKnownFileType = sourcecode.c.h; path = gui.h; sourceTree = "<group>"; };
		0321E5A01D034086001E1470 /* gui.mcf */ = {isa = PBXFileReference; lastKnownFileType = text; path = gui.mcf; sourceTree = "<group>"; };
		0321E5A11D034086001E1470 /* gui.scm */ = {isa = PBXFileReference; lastKnownFileType = text; path = gui.scm; sourceTree = "<group>"; };
		0321E5A21D034086001E1470 /* guiglue.scm */ = {isa = PBXFileReference; lastKnownFileType = text; path = guiglue.scm; sourceTree = "<group>"; };
		0321E5A51D0340E1001E1470 /* gui.h */ = {isa = PBXFileReference; fileEncoding = 4; lastKnownFileType = sourcecode.c.h; path = gui.h; sourceTree = "<group>"; };
		0321E5A81D034D01001E1470 /* ios1.c */ = {isa = PBXFileReference; fileEncoding = 4; lastKnownFileType = sourcecode.c.c; path = ios1.c; sourceTree = "<group>"; };
		0321E5A91D034D01001E1470 /* iosglue.c */ = {isa = PBXFileReference; fileEncoding = 4; lastKnownFileType = sourcecode.c.c; path = iosglue.c; sourceTree = "<group>"; };
		0321E5AC1D03F668001E1470 /* main.c */ = {isa = PBXFileReference; fileEncoding = 4; lastKnownFileType = sourcecode.c.c; path = main.c; sourceTree = "<group>"; };
		0321E5AD1D03F668001E1470 /* shell.c */ = {isa = PBXFileReference; fileEncoding = 4; lastKnownFileType = sourcecode.c.c; path = shell.c; sourceTree = "<group>"; };
		0321E5AE1D03F668001E1470 /* shell.h */ = {isa = PBXFileReference; fileEncoding = 4; lastKnownFileType = sourcecode.c.h; path = shell.h; sourceTree = "<group>"; };
		0321E5B31D042701001E1470 /* glutglue.scm */ = {isa = PBXFileReference; lastKnownFileType = text; path = glutglue.scm; sourceTree = "<group>"; };
		0321E5B41D04271F001E1470 /* build.sh */ = {isa = PBXFileReference; lastKnownFileType = text.script.sh; path = build.sh; sourceTree = "<group>"; };
		0321E5B51D042755001E1470 /* glutglue.c */ = {isa = PBXFileReference; fileEncoding = 4; lastKnownFileType = sourcecode.c.c; path = glutglue.c; sourceTree = "<group>"; };
		032494B01CE638B30048AB86 /* Rscheme-ios.app */ = {isa = PBXFileReference; explicitFileType = wrapper.application; includeInIndex = 0; path = "Rscheme-ios.app"; sourceTree = BUILT_PRODUCTS_DIR; };
		032494B41CE638B30048AB86 /* main.m */ = {isa = PBXFileReference; lastKnownFileType = sourcecode.c.objc; path = main.m; sourceTree = "<group>"; };
		032494B61CE638B30048AB86 /* AppDelegate.h */ = {isa = PBXFileReference; lastKnownFileType = sourcecode.c.h; path = AppDelegate.h; sourceTree = "<group>"; };
		032494B71CE638B30048AB86 /* AppDelegate.m */ = {isa = PBXFileReference; lastKnownFileType = sourcecode.c.objc; path = AppDelegate.m; sourceTree = "<group>"; };
		032494B91CE638B30048AB86 /* ViewController.h */ = {isa = PBXFileReference; lastKnownFileType = sourcecode.c.h; path = ViewController.h; sourceTree = "<group>"; };
		032494BA1CE638B30048AB86 /* ViewController.m */ = {isa = PBXFileReference; lastKnownFileType = sourcecode.c.objc; path = ViewController.m; sourceTree = "<group>"; };
		032494BD1CE638B30048AB86 /* Base */ = {isa = PBXFileReference; lastKnownFileType = file.storyboard; name = Base; path = Base.lproj/Main.storyboard; sourceTree = "<group>"; };
		032494BF1CE638B30048AB86 /* Assets.xcassets */ = {isa = PBXFileReference; lastKnownFileType = folder.assetcatalog; path = Assets.xcassets; sourceTree = "<group>"; };
		032494C21CE638B30048AB86 /* Base */ = {isa = PBXFileReference; lastKnownFileType = file.storyboard; name = Base; path = Base.lproj/LaunchScreen.storyboard; sourceTree = "<group>"; };
		032494C41CE638B30048AB86 /* Info.plist */ = {isa = PBXFileReference; lastKnownFileType = text.plist.xml; path = Info.plist; sourceTree = "<group>"; };
		035F7C7C1D08479D008F16A5 /* gl1.c */ = {isa = PBXFileReference; fileEncoding = 4; lastKnownFileType = sourcecode.c.c; path = gl1.c; sourceTree = "<group>"; };
		035F7C7D1D08479D008F16A5 /* gl2.c */ = {isa = PBXFileReference; fileEncoding = 4; lastKnownFileType = sourcecode.c.c; path = gl2.c; sourceTree = "<group>"; };
		03664DAB1CE70F0200889E16 /* duck.png */ = {isa = PBXFileReference; lastKnownFileType = image.png; path = duck.png; sourceTree = "<group>"; };
		03664DAC1CE70F0200889E16 /* duck@2x.png */ = {isa = PBXFileReference; lastKnownFileType = image.png; path = "duck@2x.png"; sourceTree = "<group>"; };
		03664DAD1CE70F0200889E16 /* duck@3x.png */ = {isa = PBXFileReference; lastKnownFileType = image.png; path = "duck@3x.png"; sourceTree = "<group>"; };
		03664DAE1CE70F0200889E16 /* Icon24@2x.png */ = {isa = PBXFileReference; lastKnownFileType = image.png; path = "Icon24@2x.png"; sourceTree = "<group>"; };
		03664DAF1CE70F0200889E16 /* Icon27.5@2x.png */ = {isa = PBXFileReference; lastKnownFileType = image.png; path = "Icon27.5@2x.png"; sourceTree = "<group>"; };
		03664DB01CE70F0200889E16 /* Icon29.png */ = {isa = PBXFileReference; lastKnownFileType = image.png; path = Icon29.png; sourceTree = "<group>"; };
		03664DB11CE70F0200889E16 /* Icon29@2x.png */ = {isa = PBXFileReference; lastKnownFileType = image.png; path = "Icon29@2x.png"; sourceTree = "<group>"; };
		03664DB21CE70F0200889E16 /* Icon29@3x.png */ = {isa = PBXFileReference; lastKnownFileType = image.png; path = "Icon29@3x.png"; sourceTree = "<group>"; };
		03664DB31CE70F0200889E16 /* Icon40.png */ = {isa = PBXFileReference; lastKnownFileType = image.png; path = Icon40.png; sourceTree = "<group>"; };
		03664DB41CE70F0200889E16 /* Icon40@2x.png */ = {isa = PBXFileReference; lastKnownFileType = image.png; path = "Icon40@2x.png"; sourceTree = "<group>"; };
		03664DB51CE70F0200889E16 /* Icon40@3x.png */ = {isa = PBXFileReference; lastKnownFileType = image.png; path = "Icon40@3x.png"; sourceTree = "<group>"; };
		03664DB61CE70F0200889E16 /* Icon60@2x.png */ = {isa = PBXFileReference; lastKnownFileType = image.png; path = "Icon60@2x.png"; sourceTree = "<group>"; };
		03664DB71CE70F0200889E16 /* Icon60@3x.png */ = {isa = PBXFileReference; lastKnownFileType = image.png; path = "Icon60@3x.png"; sourceTree = "<group>"; };
		03664DB81CE70F0200889E16 /* Icon76.png */ = {isa = PBXFileReference; lastKnownFileType = image.png; path = Icon76.png; sourceTree = "<group>"; };
		03664DCF1CE7214D00889E16 /* librs.a */ = {isa = PBXFileReference; lastKnownFileType = archive.ar; name = librs.a; path = ../lib/rs/lib/librs.a; sourceTree = "<group>"; };
		037446DD1CF9A3B200C1C7C7 /* ios.mcf */ = {isa = PBXFileReference; lastKnownFileType = text; path = ios.mcf; sourceTree = "<group>"; };
		037446DE1CF9A3B200C1C7C7 /* ios.scm */ = {isa = PBXFileReference; lastKnownFileType = text; path = ios.scm; sourceTree = "<group>"; };
		037446DF1CF9A3B200C1C7C7 /* iosglue.scm */ = {isa = PBXFileReference; lastKnownFileType = text; path = iosglue.scm; sourceTree = "<group>"; };
		037446E01CF9A3B200C1C7C7 /* iosop.h */ = {isa = PBXFileReference; lastKnownFileType = sourcecode.c.h; path = iosop.h; sourceTree = "<group>"; };
		037446E11CF9A3B200C1C7C7 /* iosop.m */ = {isa = PBXFileReference; lastKnownFileType = sourcecode.c.objc; path = iosop.m; sourceTree = "<group>"; };
		037446E21CF9E6A100C1C7C7 /* UIBlockAlertView.m */ = {isa = PBXFileReference; fileEncoding = 4; lastKnownFileType = sourcecode.c.objc; path = UIBlockAlertView.m; sourceTree = "<group>"; };
		037446E41CF9E6CA00C1C7C7 /* UIBlockAlertView.h */ = {isa = PBXFileReference; lastKnownFileType = sourcecode.c.h; path = UIBlockAlertView.h; sourceTree = "<group>"; };
		037446EC1CF9F21E00C1C7C7 /* GJAlertAction.h */ = {isa = PBXFileReference; fileEncoding = 4; lastKnownFileType = sourcecode.c.h; path = GJAlertAction.h; sourceTree = "<group>"; };
		037446ED1CF9F21E00C1C7C7 /* GJAlertAction.m */ = {isa = PBXFileReference; fileEncoding = 4; lastKnownFileType = sourcecode.c.objc; path = GJAlertAction.m; sourceTree = "<group>"; };
		037446EE1CF9F21E00C1C7C7 /* GJAlertController.h */ = {isa = PBXFileReference; fileEncoding = 4; lastKnownFileType = sourcecode.c.h; path = GJAlertController.h; sourceTree = "<group>"; };
		037446EF1CF9F21E00C1C7C7 /* GJAlertController.m */ = {isa = PBXFileReference; fileEncoding = 4; lastKnownFileType = sourcecode.c.objc; path = GJAlertController.m; sourceTree = "<group>"; };
		037446F01CF9F21E00C1C7C7 /* UIViewController+Alert.h */ = {isa = PBXFileReference; fileEncoding = 4; lastKnownFileType = sourcecode.c.h; path = "UIViewController+Alert.h"; sourceTree = "<group>"; };
		037446F11CF9F21E00C1C7C7 /* UIViewController+Alert.m */ = {isa = PBXFileReference; fileEncoding = 4; lastKnownFileType = sourcecode.c.objc; path = "UIViewController+Alert.m"; sourceTree = "<group>"; };
		03AB46531CE64FDB0071EEC7 /* sys.img */ = {isa = PBXFileReference; lastKnownFileType = file; name = sys.img; path = "RScheme-ios/sys.img"; sourceTree = "<group>"; };
		03AB46571CE6DD6D0071EEC7 /* g2.png */ = {isa = PBXFileReference; lastKnownFileType = image.png; path = g2.png; sourceTree = "<group>"; };
/* End PBXFileReference section */

/* Begin PBXFrameworksBuildPhase section */
		032494AD1CE638B30048AB86 /* Frameworks */ = {
			isa = PBXFrameworksBuildPhase;
			buildActionMask = 2147483647;
			files = (
				03664DD01CE7214D00889E16 /* librs.a in Frameworks */,
			);
			runOnlyForDeploymentPostprocessing = 0;
		};
/* End PBXFrameworksBuildPhase section */

/* Begin PBXGroup section */
		0321E55F1D031DDC001E1470 /* gl */ = {
			isa = PBXGroup;
			children = (
				0321E5671D032847001E1470 /* gl.mcf */,
				0321E5691D032847001E1470 /* glglue.h */,
				0321E5681D032847001E1470 /* gl.scm */,
				0321E56A1D032847001E1470 /* glglue.scm */,
			);
			name = gl;
			sourceTree = "<group>";
		};
		0321E56E1D032A7D001E1470 /* dist */ = {
			isa = PBXGroup;
			children = (
				0321E5A41D0340E1001E1470 /* gui */,
				0321E5931D0336B7001E1470 /* modules */,
				0321E56F1D032B6A001E1470 /* gl */,
				0321E5781D032B6A001E1470 /* ios */,
			);
			name = dist;
			path = "RScheme-ios/dist";
			sourceTree = SOURCE_ROOT;
		};
		0321E56F1D032B6A001E1470 /* gl */ = {
			isa = PBXGroup;
			children = (
				035F7C7C1D08479D008F16A5 /* gl1.c */,
				035F7C7D1D08479D008F16A5 /* gl2.c */,
				0321E5701D032B6A001E1470 /* gl.h */,
				0321E5711D032B6A001E1470 /* gl_l.c */,
				0321E5721D032B6A001E1470 /* gl_p.h */,
				0321E5731D032B6A001E1470 /* gl_r.h */,
				0321E5741D032B6A001E1470 /* glglue.h */,
				0321E5751D032B6A001E1470 /* glglue1.c */,
				0321E5761D032B6A001E1470 /* includes.lst */,
				0321E5771D032B6A001E1470 /* Makefile */,
			);
			path = gl;
			sourceTree = "<group>";
		};
		0321E5781D032B6A001E1470 /* ios */ = {
			isa = PBXGroup;
			children = (
				0321E5B51D042755001E1470 /* glutglue.c */,
				0321E5A81D034D01001E1470 /* ios1.c */,
				0321E5A91D034D01001E1470 /* iosglue.c */,
				0321E5791D032B6A001E1470 /* includes.lst */,
				0321E57A1D032B6A001E1470 /* ios.h */,
				0321E57C1D032B6A001E1470 /* ios_l.c */,
				0321E57D1D032B6A001E1470 /* ios_p.h */,
				0321E57E1D032B6A001E1470 /* ios_r.h */,
				0321E57F1D032B6A001E1470 /* iosop.h */,
				0321E5801D032B6A001E1470 /* iosop.m */,
				0321E5811D032B6A001E1470 /* Makefile */,
			);
			path = ios;
			sourceTree = "<group>";
		};
		0321E59D1D034086001E1470 /* gui */ = {
			isa = PBXGroup;
			children = (
				0321E59E1D034086001E1470 /* build.sh */,
				0321E59F1D034086001E1470 /* gui.h */,
				0321E5A01D034086001E1470 /* gui.mcf */,
				0321E5A11D034086001E1470 /* gui.scm */,
				0321E5A21D034086001E1470 /* guiglue.scm */,
			);
			path = gui;
			sourceTree = "<group>";
		};
		0321E5A41D0340E1001E1470 /* gui */ = {
			isa = PBXGroup;
			children = (
				0321E5A51D0340E1001E1470 /* gui.h */,
			);
			path = gui;
			sourceTree = "<group>";
		};
		032494A71CE638B30048AB86 = {
			isa = PBXGroup;
			children = (
				03664DCF1CE7214D00889E16 /* librs.a */,
				03AB46531CE64FDB0071EEC7 /* sys.img */,
				032494B21CE638B30048AB86 /* Rscheme-ios */,
				032494B11CE638B30048AB86 /* Products */,
			);
			sourceTree = "<group>";
		};
		032494B11CE638B30048AB86 /* Products */ = {
			isa = PBXGroup;
			children = (
				032494B01CE638B30048AB86 /* Rscheme-ios.app */,
			);
			name = Products;
			sourceTree = "<group>";
		};
		032494B21CE638B30048AB86 /* Rscheme-ios */ = {
			isa = PBXGroup;
			children = (
				0321E56E1D032A7D001E1470 /* dist */,
				0374468D1CF9873D00C1C7C7 /* packages */,
				03AB46561CE6DD480071EEC7 /* Resources */,
				032494B61CE638B30048AB86 /* AppDelegate.h */,
				032494B71CE638B30048AB86 /* AppDelegate.m */,
				032494B91CE638B30048AB86 /* ViewController.h */,
				032494BA1CE638B30048AB86 /* ViewController.m */,
				032494BC1CE638B30048AB86 /* Main.storyboard */,
				032494BF1CE638B30048AB86 /* Assets.xcassets */,
				032494C11CE638B30048AB86 /* LaunchScreen.storyboard */,
				032494C41CE638B30048AB86 /* Info.plist */,
				032494B31CE638B30048AB86 /* Supporting Files */,
			);
			path = "Rscheme-ios";
			sourceTree = "<group>";
		};
		032494B31CE638B30048AB86 /* Supporting Files */ = {
			isa = PBXGroup;
			children = (
				032494B41CE638B30048AB86 /* main.m */,
			);
			name = "Supporting Files";
			sourceTree = "<group>";
		};
		0374468D1CF9873D00C1C7C7 /* packages */ = {
			isa = PBXGroup;
			children = (
				0321E59D1D034086001E1470 /* gui */,
				0321E55F1D031DDC001E1470 /* gl */,
				0374468E1CF9873D00C1C7C7 /* ios */,
			);
			name = packages;
			path = "RScheme-ios/packages";
			sourceTree = SOURCE_ROOT;
		};
		0374468E1CF9873D00C1C7C7 /* ios */ = {
			isa = PBXGroup;
			children = (
				0321E5B41D04271F001E1470 /* build.sh */,
				0321E5AC1D03F668001E1470 /* main.c */,
				0321E5AD1D03F668001E1470 /* shell.c */,
				0321E5AE1D03F668001E1470 /* shell.h */,
				0321E5981D033E7C001E1470 /* GLViewController.h */,
				0321E5991D033E7C001E1470 /* GLViewController.m */,
				0321E5951D033D80001E1470 /* EAGLView.h */,
				0321E5961D033D80001E1470 /* EAGLView.m */,
				037446EB1CF9F21E00C1C7C7 /* GJAlertController */,
				037446E41CF9E6CA00C1C7C7 /* UIBlockAlertView.h */,
				037446E21CF9E6A100C1C7C7 /* UIBlockAlertView.m */,
				037446DF1CF9A3B200C1C7C7 /* iosglue.scm */,
				0321E5B31D042701001E1470 /* glutglue.scm */,
				037446DE1CF9A3B200C1C7C7 /* ios.scm */,
				037446E01CF9A3B200C1C7C7 /* iosop.h */,
				037446E11CF9A3B200C1C7C7 /* iosop.m */,
				037446DD1CF9A3B200C1C7C7 /* ios.mcf */,
			);
			path = ios;
			sourceTree = "<group>";
		};
		037446EB1CF9F21E00C1C7C7 /* GJAlertController */ = {
			isa = PBXGroup;
			children = (
				037446EC1CF9F21E00C1C7C7 /* GJAlertAction.h */,
				037446ED1CF9F21E00C1C7C7 /* GJAlertAction.m */,
				037446EE1CF9F21E00C1C7C7 /* GJAlertController.h */,
				037446EF1CF9F21E00C1C7C7 /* GJAlertController.m */,
				037446F01CF9F21E00C1C7C7 /* UIViewController+Alert.h */,
				037446F11CF9F21E00C1C7C7 /* UIViewController+Alert.m */,
			);
			path = GJAlertController;
			sourceTree = "<group>";
		};
		03AB46561CE6DD480071EEC7 /* Resources */ = {
			isa = PBXGroup;
			children = (
				03664DAB1CE70F0200889E16 /* duck.png */,
				03664DAC1CE70F0200889E16 /* duck@2x.png */,
				03664DAD1CE70F0200889E16 /* duck@3x.png */,
				03664DAE1CE70F0200889E16 /* Icon24@2x.png */,
				03664DAF1CE70F0200889E16 /* Icon27.5@2x.png */,
				03664DB01CE70F0200889E16 /* Icon29.png */,
				03664DB11CE70F0200889E16 /* Icon29@2x.png */,
				03664DB31CE70F0200889E16 /* Icon40.png */,
				03664DB21CE70F0200889E16 /* Icon29@3x.png */,
				03664DB41CE70F0200889E16 /* Icon40@2x.png */,
				03664DB51CE70F0200889E16 /* Icon40@3x.png */,
				03664DB61CE70F0200889E16 /* Icon60@2x.png */,
				03664DB71CE70F0200889E16 /* Icon60@3x.png */,
				03664DB81CE70F0200889E16 /* Icon76.png */,
				03AB46571CE6DD6D0071EEC7 /* g2.png */,
			);
			name = Resources;
			path = "RScheme-ios/Resources";
			sourceTree = SOURCE_ROOT;
		};
/* End PBXGroup section */

/* Begin PBXNativeTarget section */
		032494AF1CE638B30048AB86 /* Rscheme-ios */ = {
			isa = PBXNativeTarget;
			buildConfigurationList = 032494C71CE638B30048AB86 /* Build configuration list for PBXNativeTarget "Rscheme-ios" */;
			buildPhases = (
				0321E5A31D0340AF001E1470 /* ShellScript */,
				0321E56B1D0328C8001E1470 /* ShellScript */,
				037446CA1CF99B3A00C1C7C7 /* Run Script */,
				032494AC1CE638B30048AB86 /* Sources */,
				032494AD1CE638B30048AB86 /* Frameworks */,
				032494AE1CE638B30048AB86 /* Resources */,
			);
			buildRules = (
			);
			dependencies = (
			);
			name = "Rscheme-ios";
			productName = "Rscheme-ios";
			productReference = 032494B01CE638B30048AB86 /* Rscheme-ios.app */;
			productType = "com.apple.product-type.application";
		};
/* End PBXNativeTarget section */

/* Begin PBXProject section */
		032494A81CE638B30048AB86 /* Project object */ = {
			isa = PBXProject;
			attributes = {
				LastUpgradeCheck = 0730;
				ORGANIZATIONNAME = evilbinary.org;
				TargetAttributes = {
					032494AF1CE638B30048AB86 = {
						CreatedOnToolsVersion = 7.3.1;
						DevelopmentTeam = XXVF7PEQSW;
					};
				};
			};
			buildConfigurationList = 032494AB1CE638B30048AB86 /* Build configuration list for PBXProject "RScheme-ios" */;
			compatibilityVersion = "Xcode 3.2";
			developmentRegion = English;
			hasScannedForEncodings = 0;
			knownRegions = (
				en,
				Base,
			);
			mainGroup = 032494A71CE638B30048AB86;
			productRefGroup = 032494B11CE638B30048AB86 /* Products */;
			projectDirPath = "";
			projectRoot = "";
			targets = (
				032494AF1CE638B30048AB86 /* Rscheme-ios */,
			);
		};
/* End PBXProject section */

/* Begin PBXResourcesBuildPhase section */
		032494AE1CE638B30048AB86 /* Resources */ = {
			isa = PBXResourcesBuildPhase;
			buildActionMask = 2147483647;
			files = (
				03664DC41CE70F0200889E16 /* Icon29@3x.png in Resources */,
				03664DCA1CE70F0200889E16 /* Icon76.png in Resources */,
				0321E5941D0336B7001E1470 /* modules in Resources */,
				03664DBF1CE70F0200889E16 /* duck@3x.png in Resources */,
				03AB46581CE6DD6D0071EEC7 /* g2.png in Resources */,
				032494C31CE638B30048AB86 /* LaunchScreen.storyboard in Resources */,
				03664DC01CE70F0200889E16 /* Icon24@2x.png in Resources */,
				03664DC61CE70F0200889E16 /* Icon40@2x.png in Resources */,
				03664DC21CE70F0200889E16 /* Icon29.png in Resources */,
				0321E5861D032B6A001E1470 /* includes.lst in Resources */,
				03664DBD1CE70F0200889E16 /* duck.png in Resources */,
				03664DC71CE70F0200889E16 /* Icon40@3x.png in Resources */,
				03664DC81CE70F0200889E16 /* Icon60@2x.png in Resources */,
				03664DC91CE70F0200889E16 /* Icon60@3x.png in Resources */,
				03AB46541CE64FDB0071EEC7 /* sys.img in Resources */,
				032494C01CE638B30048AB86 /* Assets.xcassets in Resources */,
				03664DC11CE70F0200889E16 /* Icon27.5@2x.png in Resources */,
				03664DC51CE70F0200889E16 /* Icon40.png in Resources */,
				03664DBE1CE70F0200889E16 /* duck@2x.png in Resources */,
				0321E5841D032B6A001E1470 /* includes.lst in Resources */,
				03664DC31CE70F0200889E16 /* Icon29@2x.png in Resources */,
				032494BE1CE638B30048AB86 /* Main.storyboard in Resources */,
			);
			runOnlyForDeploymentPostprocessing = 0;
		};
/* End PBXResourcesBuildPhase section */

/* Begin PBXShellScriptBuildPhase section */
		0321E56B1D0328C8001E1470 /* ShellScript */ = {
			isa = PBXShellScriptBuildPhase;
			buildActionMask = 2147483647;
			files = (
			);
			inputPaths = (
			);
			outputPaths = (
			);
			runOnlyForDeploymentPostprocessing = 0;
			shellPath = /bin/sh;
			shellScript = "export PATH=/opt/local/rs/bin/:$PATH\ncd  \"RScheme-ios/packages/gl/\" && ./build.sh";
		};
		0321E5A31D0340AF001E1470 /* ShellScript */ = {
			isa = PBXShellScriptBuildPhase;
			buildActionMask = 2147483647;
			files = (
			);
			inputPaths = (
			);
			outputPaths = (
			);
			runOnlyForDeploymentPostprocessing = 0;
			shellPath = /bin/sh;
			shellScript = "export PATH=/opt/local/rs/bin/:$PATH\ncd  \"RScheme-ios/packages/gui/\" && ./build.sh";
		};
		037446CA1CF99B3A00C1C7C7 /* Run Script */ = {
			isa = PBXShellScriptBuildPhase;
			buildActionMask = 2147483647;
			files = (
			);
			inputPaths = (
			);
			name = "Run Script";
			outputPaths = (
			);
			runOnlyForDeploymentPostprocessing = 0;
			shellPath = /bin/sh;
			shellScript = "export PATH=/opt/local/rs/bin/:$PATH\ncd  \"RScheme-ios/packages/ios/\" && ./build.sh";
		};
/* End PBXShellScriptBuildPhase section */

/* Begin PBXSourcesBuildPhase section */
		032494AC1CE638B30048AB86 /* Sources */ = {
			isa = PBXSourcesBuildPhase;
			buildActionMask = 2147483647;
			files = (
				037446F41CF9F21E00C1C7C7 /* UIViewController+Alert.m in Sources */,
				0321E5AA1D034D01001E1470 /* ios1.c in Sources */,
				032494BB1CE638B30048AB86 /* ViewController.m in Sources */,
				037446F31CF9F21E00C1C7C7 /* GJAlertController.m in Sources */,
				0321E5B01D03F668001E1470 /* shell.c in Sources */,
				032494B81CE638B30048AB86 /* AppDelegate.m in Sources */,
				0321E5851D032B6A001E1470 /* Makefile in Sources */,
				0321E5891D032B6A001E1470 /* iosop.m in Sources */,
				0321E59A1D033E7C001E1470 /* GLViewController.m in Sources */,
				035F7C7E1D08479D008F16A5 /* gl1.c in Sources */,
				0321E5831D032B6A001E1470 /* glglue1.c in Sources */,
				035F7C7F1D08479D008F16A5 /* gl2.c in Sources */,
				0321E5971D033D80001E1470 /* EAGLView.m in Sources */,
				0321E58A1D032B6A001E1470 /* Makefile in Sources */,
				0321E5B61D042755001E1470 /* glutglue.c in Sources */,
				032494B51CE638B30048AB86 /* main.m in Sources */,
				0321E5AB1D034D01001E1470 /* iosglue.c in Sources */,
				037446F21CF9F21E00C1C7C7 /* GJAlertAction.m in Sources */,
				0321E5AF1D03F668001E1470 /* main.c in Sources */,
				0321E5881D032B6A001E1470 /* ios_l.c in Sources */,
				0321E5821D032B6A001E1470 /* gl_l.c in Sources */,
				037446E31CF9E6A100C1C7C7 /* UIBlockAlertView.m in Sources */,
			);
			runOnlyForDeploymentPostprocessing = 0;
		};
/* End PBXSourcesBuildPhase section */

/* Begin PBXVariantGroup section */
		032494BC1CE638B30048AB86 /* Main.storyboard */ = {
			isa = PBXVariantGroup;
			children = (
				032494BD1CE638B30048AB86 /* Base */,
			);
			name = Main.storyboard;
			sourceTree = "<group>";
		};
		032494C11CE638B30048AB86 /* LaunchScreen.storyboard */ = {
			isa = PBXVariantGroup;
			children = (
				032494C21CE638B30048AB86 /* Base */,
			);
			name = LaunchScreen.storyboard;
			sourceTree = "<group>";
		};
/* End PBXVariantGroup section */

/* Begin XCBuildConfiguration section */
		032494C51CE638B30048AB86 /* Debug */ = {
			isa = XCBuildConfiguration;
			buildSettings = {
				ALWAYS_SEARCH_USER_PATHS = NO;
				CLANG_ANALYZER_NONNULL = YES;
				CLANG_CXX_LANGUAGE_STANDARD = "gnu++0x";
				CLANG_CXX_LIBRARY = "libc++";
				CLANG_ENABLE_MODULES = YES;
				CLANG_ENABLE_OBJC_ARC = YES;
				CLANG_WARN_BOOL_CONVERSION = YES;
				CLANG_WARN_CONSTANT_CONVERSION = YES;
				CLANG_WARN_DIRECT_OBJC_ISA_USAGE = YES_ERROR;
				CLANG_WARN_EMPTY_BODY = YES;
				CLANG_WARN_ENUM_CONVERSION = YES;
				CLANG_WARN_INT_CONVERSION = YES;
				CLANG_WARN_OBJC_ROOT_CLASS = YES_ERROR;
				CLANG_WARN_UNREACHABLE_CODE = YES;
				CLANG_WARN__DUPLICATE_METHOD_MATCH = YES;
				CODE_SIGN_IDENTITY = "iPhone Developer: rootntsd@gmail.com (259VW4GB78)";
				"CODE_SIGN_IDENTITY[sdk=iphoneos*]" = "iPhone Distribution";
				COPY_PHASE_STRIP = NO;
				DEBUG_INFORMATION_FORMAT = dwarf;
				ENABLE_BITCODE = NO;
				ENABLE_STRICT_OBJC_MSGSEND = YES;
				ENABLE_TESTABILITY = YES;
				GCC_C_LANGUAGE_STANDARD = gnu99;
				GCC_DYNAMIC_NO_PIC = NO;
				GCC_NO_COMMON_BLOCKS = YES;
				GCC_OPTIMIZATION_LEVEL = 0;
				GCC_PREPROCESSOR_DEFINITIONS = (
					"DEBUG=1",
					"$(inherited)",
				);
				"GCC_PREPROCESSOR_DEFINITIONS[arch=*]" = INLINES;
				GCC_WARN_64_TO_32_BIT_CONVERSION = YES;
				GCC_WARN_ABOUT_RETURN_TYPE = YES_ERROR;
				GCC_WARN_UNDECLARED_SELECTOR = YES;
				GCC_WARN_UNINITIALIZED_AUTOS = YES_AGGRESSIVE;
				GCC_WARN_UNUSED_FUNCTION = YES;
				GCC_WARN_UNUSED_VARIABLE = YES;
				HEADER_SEARCH_PATHS = (
					"$(PROJECT_DIR)/../lib/rs/include",
					"$(PROJECT_DIR)/RScheme-ios/packages/ios/ios/**",
				);
				IPHONEOS_DEPLOYMENT_TARGET = 7.1;
				LIBRARY_SEARCH_PATHS = "$(PROJECT_DIR)/../lib/rs/lib";
				MTL_ENABLE_DEBUG_INFO = YES;
				ONLY_ACTIVE_ARCH = YES;
				SDKROOT = iphoneos;
			};
			name = Debug;
		};
		032494C61CE638B30048AB86 /* Release */ = {
			isa = XCBuildConfiguration;
			buildSettings = {
				ALWAYS_SEARCH_USER_PATHS = NO;
				CLANG_ANALYZER_NONNULL = YES;
				CLANG_CXX_LANGUAGE_STANDARD = "gnu++0x";
				CLANG_CXX_LIBRARY = "libc++";
				CLANG_ENABLE_MODULES = YES;
				CLANG_ENABLE_OBJC_ARC = YES;
				CLANG_WARN_BOOL_CONVERSION = YES;
				CLANG_WARN_CONSTANT_CONVERSION = YES;
				CLANG_WARN_DIRECT_OBJC_ISA_USAGE = YES_ERROR;
				CLANG_WARN_EMPTY_BODY = YES;
				CLANG_WARN_ENUM_CONVERSION = YES;
				CLANG_WARN_INT_CONVERSION = YES;
				CLANG_WARN_OBJC_ROOT_CLASS = YES_ERROR;
				CLANG_WARN_UNREACHABLE_CODE = YES;
				CLANG_WARN__DUPLICATE_METHOD_MATCH = YES;
				CODE_SIGN_IDENTITY = "iPhone Developer: rootntsd@gmail.com (259VW4GB78)";
				"CODE_SIGN_IDENTITY[sdk=iphoneos*]" = "iPhone Distribution";
				COPY_PHASE_STRIP = NO;
				DEBUG_INFORMATION_FORMAT = "dwarf-with-dsym";
				ENABLE_BITCODE = NO;
				ENABLE_NS_ASSERTIONS = NO;
				ENABLE_STRICT_OBJC_MSGSEND = YES;
				GCC_C_LANGUAGE_STANDARD = gnu99;
				GCC_NO_COMMON_BLOCKS = YES;
				GCC_PREPROCESSOR_DEFINITIONS = INLINES;
				GCC_WARN_64_TO_32_BIT_CONVERSION = YES;
				GCC_WARN_ABOUT_RETURN_TYPE = YES_ERROR;
				GCC_WARN_UNDECLARED_SELECTOR = YES;
				GCC_WARN_UNINITIALIZED_AUTOS = YES_AGGRESSIVE;
				GCC_WARN_UNUSED_FUNCTION = YES;
				GCC_WARN_UNUSED_VARIABLE = YES;
				HEADER_SEARCH_PATHS = (
					"$(PROJECT_DIR)/../lib/rs/include",
					"$(PROJECT_DIR)/RScheme-ios/packages/ios/ios/**",
				);
				IPHONEOS_DEPLOYMENT_TARGET = 7.1;
				LIBRARY_SEARCH_PATHS = "$(PROJECT_DIR)/../lib/rs/lib";
				MTL_ENABLE_DEBUG_INFO = NO;
				SDKROOT = iphoneos;
				VALIDATE_PRODUCT = YES;
			};
			name = Release;
		};
		032494C81CE638B30048AB86 /* Debug */ = {
			isa = XCBuildConfiguration;
			buildSettings = {
				ASSETCATALOG_COMPILER_APPICON_NAME = AppIcon;
				CODE_SIGN_IDENTITY = "iPhone Developer";
				"CODE_SIGN_IDENTITY[sdk=iphoneos*]" = "iPhone Developer";
				INFOPLIST_FILE = "Rscheme-ios/Info.plist";
				LD_RUNPATH_SEARCH_PATHS = "$(inherited) @executable_path/Frameworks";
				PRODUCT_BUNDLE_IDENTIFIER = "evil.Rscheme-ios";
				PRODUCT_NAME = "$(TARGET_NAME)";
				PROVISIONING_PROFILE = "";
			};
			name = Debug;
		};
		032494C91CE638B30048AB86 /* Release */ = {
			isa = XCBuildConfiguration;
			buildSettings = {
				ASSETCATALOG_COMPILER_APPICON_NAME = AppIcon;
				CODE_SIGN_IDENTITY = "iPhone Developer";
				"CODE_SIGN_IDENTITY[sdk=iphoneos*]" = "iPhone Developer";
				INFOPLIST_FILE = "Rscheme-ios/Info.plist";
				LD_RUNPATH_SEARCH_PATHS = "$(inherited) @executable_path/Frameworks";
				PRODUCT_BUNDLE_IDENTIFIER = "evil.Rscheme-ios";
				PRODUCT_NAME = "$(TARGET_NAME)";
				PROVISIONING_PROFILE = "";
			};
			name = Release;
		};
/* End XCBuildConfiguration section */

/* Begin XCConfigurationList section */
		032494AB1CE638B30048AB86 /* Build configuration list for PBXProject "RScheme-ios" */ = {
			isa = XCConfigurationList;
			buildConfigurations = (
				032494C51CE638B30048AB86 /* Debug */,
				032494C61CE638B30048AB86 /* Release */,
			);
			defaultConfigurationIsVisible = 0;
			defaultConfigurationName = Release;
		};
		032494C71CE638B30048AB86 /* Build configuration list for PBXNativeTarget "Rscheme-ios" */ = {
			isa = XCConfigurationList;
			buildConfigurations = (
				032494C81CE638B30048AB86 /* Debug */,
				032494C91CE638B30048AB86 /* Release */,
			);
			defaultConfigurationIsVisible = 0;
			defaultConfigurationName = Release;
		};
/* End XCConfigurationList section */
	};
	rootObject = 032494A81CE638B30048AB86 /* Project object */;
}
